{
  "nodes": {
    "auto-cpufreq-src": {
      "flake": false,
      "locked": {
        "lastModified": 1684670609,
        "narHash": "sha256-ElYzVteBnoz7BevA6j/730BMG0RsmhBQ4PNl9+0Kw4k=",
        "owner": "AdnanHodzic",
        "repo": "auto-cpufreq",
        "rev": "3dcf2fd837584b5e4481b5a9f23438d65a507502",
        "type": "github"
      },
      "original": {
        "owner": "AdnanHodzic",
        "ref": "v1.9.8",
        "repo": "auto-cpufreq",
        "type": "github"
      }
    },
    "home-manager": {
      "inputs": {
        "nixpkgs": [
          "nixpkgs"
        ]
      },
      "locked": {
        "lastModified": 1689362769,
        "narHash": "sha256-5V7Z7T9019pGsFnYH6va5h6Wveq8FKmXa/xLfj0DhNI=",
        "owner": "nix-community",
        "repo": "home-manager",
        "rev": "c1cdce3d89741d402d8fd2c93e3d2643ff85b053",
        "type": "github"
      },
      "original": {
        "owner": "nix-community",
        "repo": "home-manager",
        "type": "github"
      }
    },
    "nixpkgs": {
      "locked": {
        "lastModified": 1689282004,
        "narHash": "sha256-VNhuyb10c9SV+3hZOlxwJwzEGytZ31gN9w4nPCnNvdI=",
        "owner": "nixos",
        "repo": "nixpkgs",
        "rev": "e74e68449c385db82de3170288a28cd0f608544f",
        "type": "github"
      },
      "original": {
        "owner": "nixos",
        "ref": "nixos-unstable",
        "repo": "nixpkgs",
        "type": "github"
      }
    },
    "nixpkgs-stable": {
      "locked": {
        "lastModified": 1688392541,
        "narHash": "sha256-lHrKvEkCPTUO+7tPfjIcb7Trk6k31rz18vkyqmkeJfY=",
        "owner": "nixos",
        "repo": "nixpkgs",
        "rev": "ea4c80b39be4c09702b0cb3b42eab59e2ba4f24b",
        "type": "github"
      },
      "original": {
        "owner": "nixos",
        "ref": "nixos-22.11",
        "repo": "nixpkgs",
        "type": "github"
      }
    },
    "rofi-wl-src": {
      "flake": false,
      "locked": {
        "lastModified": 1679493688,
        "narHash": "sha256-8IfHpaVFGeWqyw+tLjNtg+aWwAHhSA5PuXJYjpoht2E=",
        "ref": "refs/heads/wayland",
        "rev": "d06095b5ed40e5d28236b7b7b575ca867696d847",
        "revCount": 3840,
        "submodules": true,
        "type": "git",
        "url": "https://github.com/lbonn/rofi.git"
      },
      "original": {
        "submodules": true,
        "type": "git",
        "url": "https://github.com/lbonn/rofi.git"
      }
    },
    "root": {
      "inputs": {
        "auto-cpufreq-src": "auto-cpufreq-src",
        "home-manager": "home-manager",
        "nixpkgs": "nixpkgs",
        "nixpkgs-stable": "nixpkgs-stable",
        "rofi-wl-src": "rofi-wl-src"
      }
    }
  },
  "root": "root",
  "version": 7
}
