{
  "nodes": {
    "auto-cpufreq": {
      "inputs": {
        "nixpkgs": [
          "nixpkgs"
        ]
      },
      "locked": {
        "lastModified": 1758056808,
        "narHash": "sha256-7I4duKo9OdQ7sldgjoYBlpZ+xykszDj/IVz5hlJOaeg=",
        "owner": "AdnanHodzic",
        "repo": "auto-cpufreq",
        "rev": "9f86acc38dca4299b70ea55ae6c52902da5c903c",
        "type": "github"
      },
      "original": {
        "owner": "AdnanHodzic",
        "repo": "auto-cpufreq",
        "type": "github"
      }
    },
    "catppuccin": {
      "inputs": {
        "nixpkgs": "nixpkgs"
      },
      "locked": {
        "lastModified": 1758270360,
        "narHash": "sha256-yqh6EEhlpVWRoKl85o1s+QZ72UHWTvornnc3C0Ls484=",
        "owner": "catppuccin",
        "repo": "nix",
        "rev": "2e0aacdd6abbecd1b1c0511a2fcd1460a6bc6645",
        "type": "github"
      },
      "original": {
        "owner": "catppuccin",
        "repo": "nix",
        "type": "github"
      }
    },
    "home-manager": {
      "inputs": {
        "nixpkgs": [
          "nixpkgs"
        ]
      },
      "locked": {
        "lastModified": 1758593331,
        "narHash": "sha256-p+904PfmINyekyA/LieX3IYGsiFtExC00v5gSYfJtpM=",
        "owner": "nix-community",
        "repo": "home-manager",
        "rev": "9a2dc0efbc569ce9352a6ffb8e8ec8dbc098e142",
        "type": "github"
      },
      "original": {
        "owner": "nix-community",
        "repo": "home-manager",
        "type": "github"
      }
    },
    "nixpkgs": {
      "locked": {
        "lastModified": 1758035966,
        "narHash": "sha256-qqIJ3yxPiB0ZQTT9//nFGQYn8X/PBoJbofA7hRKZnmE=",
        "owner": "NixOS",
        "repo": "nixpkgs",
        "rev": "8d4ddb19d03c65a36ad8d189d001dc32ffb0306b",
        "type": "github"
      },
      "original": {
        "owner": "NixOS",
        "ref": "nixos-unstable",
        "repo": "nixpkgs",
        "type": "github"
      }
    },
    "nixpkgs_2": {
      "locked": {
        "lastModified": 1758277210,
        "narHash": "sha256-iCGWf/LTy+aY0zFu8q12lK8KuZp7yvdhStehhyX1v8w=",
        "owner": "nixos",
        "repo": "nixpkgs",
        "rev": "8eaee110344796db060382e15d3af0a9fc396e0e",
        "type": "github"
      },
      "original": {
        "owner": "nixos",
        "ref": "nixos-unstable",
        "repo": "nixpkgs",
        "type": "github"
      }
    },
    "root": {
      "inputs": {
        "auto-cpufreq": "auto-cpufreq",
        "catppuccin": "catppuccin",
        "home-manager": "home-manager",
        "nixpkgs": "nixpkgs_2",
        "wdisplays-src": "wdisplays-src"
      }
    },
    "wdisplays-src": {
      "flake": false,
      "locked": {
        "lastModified": 1753443827,
        "narHash": "sha256-KabaW2BH4zAS0xWkzCM8YaAnP/hkZL7Wq3EARantRis=",
        "owner": "artizirk",
        "repo": "wdisplays",
        "rev": "157b8c51e850dc5f6b490f56f35cb101a9054e4c",
        "type": "github"
      },
      "original": {
        "owner": "artizirk",
        "repo": "wdisplays",
        "type": "github"
      }
    }
  },
  "root": "root",
  "version": 7
}
